
Microsoft Visual Studio Solution File, Format Version 12.00
# Visual Studio Version 17
VisualStudioVersion = 17.0.31903.59
MinimumVisualStudioVersion = 10.0.40219.1
Project("{2150E333-8FDC-42A3-9474-1A3956D46DE8}") = "src", "src", "{827E0CD3-B72D-47B6-A68D-7590B98EB39B}"
EndProject
Project("{FAE04EC0-301F-11D3-BF4B-00C04F79EFBC}") = "BackgroundProcessing.Core", "src\BackgroundProcessing.Core\BackgroundProcessing.Core.csproj", "{303AA294-B537-4AF4-9938-BFB91BEF8E41}"
EndProject
Project("{FAE04EC0-301F-11D3-BF4B-00C04F79EFBC}") = "BackgroundProcessing.Infrastructure", "src\BackgroundProcessing.Infrastructure\BackgroundProcessing.Infrastructure.csproj", "{30A19037-12FC-4D94-BBE8-DBCD798FE2B3}"
EndProject
Project("{FAE04EC0-301F-11D3-BF4B-00C04F79EFBC}") = "BackgroundProcessing.API", "src\BackgroundProcessing.API\BackgroundProcessing.API.csproj", "{0D505B1A-ADBA-4EE6-BC6F-71E40F780BF7}"
EndProject
Project("{FAE04EC0-301F-11D3-BF4B-00C04F79EFBC}") = "BackgroundProcessing.StockLoader", "src\BackgroundProcessing.StockLoader\BackgroundProcessing.StockLoader.csproj", "{1A3D694F-A5B2-4C43-A6F6-57FD8329412A}"
EndProject
Project("{FAE04EC0-301F-11D3-BF4B-00C04F79EFBC}") = "BackgroundProcessing.WeatherLoader", "src\BackgroundProcessing.WeatherLoader\BackgroundProcessing.WeatherLoader.csproj", "{2BFE0997-BB24-490F-A9C9-EE289D189EDC}"
EndProject
Project("{2150E333-8FDC-42A3-9474-1A3956D46DE8}") = "tests", "tests", "{0AB3BF05-4346-4AA6-1389-037BE0695223}"
EndProject
Project("{FAE04EC0-301F-11D3-BF4B-00C04F79EFBC}") = "BackgroundProcessing.Core.Tests", "tests\BackgroundProcessing.Core.Tests\BackgroundProcessing.Core.Tests.csproj", "{50307B71-EAD6-4C9D-A285-E2DDE2112D69}"
EndProject
Project("{FAE04EC0-301F-11D3-BF4B-00C04F79EFBC}") = "BackgroundProcessing.API.Tests", "tests\BackgroundProcessing.API.Tests\BackgroundProcessing.API.Tests.csproj", "{4C1310BF-AE73-4CD9-B656-195BFB41E4BC}"
EndProject
Project("{FAE04EC0-301F-11D3-BF4B-00C04F79EFBC}") = "BackgroundProcessing.StockLoader.Tests", "tests\BackgroundProcessing.StockLoader.Tests\BackgroundProcessing.StockLoader.Tests.csproj", "{C71DB943-DB59-4CD1-9388-038956ACF74B}"
EndProject
Project("{FAE04EC0-301F-11D3-BF4B-00C04F79EFBC}") = "BackgroundProcessing.WeatherLoader.Tests", "tests\BackgroundProcessing.WeatherLoader.Tests\BackgroundProcessing.WeatherLoader.Tests.csproj", "{5C974620-EF20-4D2C-AC0F-9DD5FAC5BED5}"
EndProject
Global
	GlobalSection(SolutionConfigurationPlatforms) = preSolution
		Debug|Any CPU = Debug|Any CPU
		Debug|x64 = Debug|x64
		Debug|x86 = Debug|x86
		Release|Any CPU = Release|Any CPU
		Release|x64 = Release|x64
		Release|x86 = Release|x86
	EndGlobalSection
	GlobalSection(ProjectConfigurationPlatforms) = postSolution
		{303AA294-B537-4AF4-9938-BFB91BEF8E41}.Debug|Any CPU.ActiveCfg = Debug|Any CPU
		{303AA294-B537-4AF4-9938-BFB91BEF8E41}.Debug|Any CPU.Build.0 = Debug|Any CPU
		{303AA294-B537-4AF4-9938-BFB91BEF8E41}.Debug|x64.ActiveCfg = Debug|Any CPU
		{303AA294-B537-4AF4-9938-BFB91BEF8E41}.Debug|x64.Build.0 = Debug|Any CPU
		{303AA294-B537-4AF4-9938-BFB91BEF8E41}.Debug|x86.ActiveCfg = Debug|Any CPU
		{303AA294-B537-4AF4-9938-BFB91BEF8E41}.Debug|x86.Build.0 = Debug|Any CPU
		{303AA294-B537-4AF4-9938-BFB91BEF8E41}.Release|Any CPU.ActiveCfg = Release|Any CPU
		{303AA294-B537-4AF4-9938-BFB91BEF8E41}.Release|Any CPU.Build.0 = Release|Any CPU
		{303AA294-B537-4AF4-9938-BFB91BEF8E41}.Release|x64.ActiveCfg = Release|Any CPU
		{303AA294-B537-4AF4-9938-BFB91BEF8E41}.Release|x64.Build.0 = Release|Any CPU
		{303AA294-B537-4AF4-9938-BFB91BEF8E41}.Release|x86.ActiveCfg = Release|Any CPU
		{303AA294-B537-4AF4-9938-BFB91BEF8E41}.Release|x86.Build.0 = Release|Any CPU
		{30A19037-12FC-4D94-BBE8-DBCD798FE2B3}.Debug|Any CPU.ActiveCfg = Debug|Any CPU
		{30A19037-12FC-4D94-BBE8-DBCD798FE2B3}.Debug|Any CPU.Build.0 = Debug|Any CPU
		{30A19037-12FC-4D94-BBE8-DBCD798FE2B3}.Debug|x64.ActiveCfg = Debug|Any CPU
		{30A19037-12FC-4D94-BBE8-DBCD798FE2B3}.Debug|x64.Build.0 = Debug|Any CPU
		{30A19037-12FC-4D94-BBE8-DBCD798FE2B3}.Debug|x86.ActiveCfg = Debug|Any CPU
		{30A19037-12FC-4D94-BBE8-DBCD798FE2B3}.Debug|x86.Build.0 = Debug|Any CPU
		{30A19037-12FC-4D94-BBE8-DBCD798FE2B3}.Release|Any CPU.ActiveCfg = Release|Any CPU
		{30A19037-12FC-4D94-BBE8-DBCD798FE2B3}.Release|Any CPU.Build.0 = Release|Any CPU
		{30A19037-12FC-4D94-BBE8-DBCD798FE2B3}.Release|x64.ActiveCfg = Release|Any CPU
		{30A19037-12FC-4D94-BBE8-DBCD798FE2B3}.Release|x64.Build.0 = Release|Any CPU
		{30A19037-12FC-4D94-BBE8-DBCD798FE2B3}.Release|x86.ActiveCfg = Release|Any CPU
		{30A19037-12FC-4D94-BBE8-DBCD798FE2B3}.Release|x86.Build.0 = Release|Any CPU
		{0D505B1A-ADBA-4EE6-BC6F-71E40F780BF7}.Debug|Any CPU.ActiveCfg = Debug|Any CPU
		{0D505B1A-ADBA-4EE6-BC6F-71E40F780BF7}.Debug|Any CPU.Build.0 = Debug|Any CPU
		{0D505B1A-ADBA-4EE6-BC6F-71E40F780BF7}.Debug|x64.ActiveCfg = Debug|Any CPU
		{0D505B1A-ADBA-4EE6-BC6F-71E40F780BF7}.Debug|x64.Build.0 = Debug|Any CPU
		{0D505B1A-ADBA-4EE6-BC6F-71E40F780BF7}.Debug|x86.ActiveCfg = Debug|Any CPU
		{0D505B1A-ADBA-4EE6-BC6F-71E40F780BF7}.Debug|x86.Build.0 = Debug|Any CPU
		{0D505B1A-ADBA-4EE6-BC6F-71E40F780BF7}.Release|Any CPU.ActiveCfg = Release|Any CPU
		{0D505B1A-ADBA-4EE6-BC6F-71E40F780BF7}.Release|Any CPU.Build.0 = Release|Any CPU
		{0D505B1A-ADBA-4EE6-BC6F-71E40F780BF7}.Release|x64.ActiveCfg = Release|Any CPU
		{0D505B1A-ADBA-4EE6-BC6F-71E40F780BF7}.Release|x64.Build.0 = Release|Any CPU
		{0D505B1A-ADBA-4EE6-BC6F-71E40F780BF7}.Release|x86.ActiveCfg = Release|Any CPU
		{0D505B1A-ADBA-4EE6-BC6F-71E40F780BF7}.Release|x86.Build.0 = Release|Any CPU
		{1A3D694F-A5B2-4C43-A6F6-57FD8329412A}.Debug|Any CPU.ActiveCfg = Debug|Any CPU
		{1A3D694F-A5B2-4C43-A6F6-57FD8329412A}.Debug|Any CPU.Build.0 = Debug|Any CPU
		{1A3D694F-A5B2-4C43-A6F6-57FD8329412A}.Debug|x64.ActiveCfg = Debug|Any CPU
		{1A3D694F-A5B2-4C43-A6F6-57FD8329412A}.Debug|x64.Build.0 = Debug|Any CPU
		{1A3D694F-A5B2-4C43-A6F6-57FD8329412A}.Debug|x86.ActiveCfg = Debug|Any CPU
		{1A3D694F-A5B2-4C43-A6F6-57FD8329412A}.Debug|x86.Build.0 = Debug|Any CPU
		{1A3D694F-A5B2-4C43-A6F6-57FD8329412A}.Release|Any CPU.ActiveCfg = Release|Any CPU
		{1A3D694F-A5B2-4C43-A6F6-57FD8329412A}.Release|Any CPU.Build.0 = Release|Any CPU
		{1A3D694F-A5B2-4C43-A6F6-57FD8329412A}.Release|x64.ActiveCfg = Release|Any CPU
		{1A3D694F-A5B2-4C43-A6F6-57FD8329412A}.Release|x64.Build.0 = Release|Any CPU
		{1A3D694F-A5B2-4C43-A6F6-57FD8329412A}.Release|x86.ActiveCfg = Release|Any CPU
		{1A3D694F-A5B2-4C43-A6F6-57FD8329412A}.Release|x86.Build.0 = Release|Any CPU
		{2BFE0997-BB24-490F-A9C9-EE289D189EDC}.Debug|Any CPU.ActiveCfg = Debug|Any CPU
		{2BFE0997-BB24-490F-A9C9-EE289D189EDC}.Debug|Any CPU.Build.0 = Debug|Any CPU
		{2BFE0997-BB24-490F-A9C9-EE289D189EDC}.Debug|x64.ActiveCfg = Debug|Any CPU
		{2BFE0997-BB24-490F-A9C9-EE289D189EDC}.Debug|x64.Build.0 = Debug|Any CPU
		{2BFE0997-BB24-490F-A9C9-EE289D189EDC}.Debug|x86.ActiveCfg = Debug|Any CPU
		{2BFE0997-BB24-490F-A9C9-EE289D189EDC}.Debug|x86.Build.0 = Debug|Any CPU
		{2BFE0997-BB24-490F-A9C9-EE289D189EDC}.Release|Any CPU.ActiveCfg = Release|Any CPU
		{2BFE0997-BB24-490F-A9C9-EE289D189EDC}.Release|Any CPU.Build.0 = Release|Any CPU
		{2BFE0997-BB24-490F-A9C9-EE289D189EDC}.Release|x64.ActiveCfg = Release|Any CPU
		{2BFE0997-BB24-490F-A9C9-EE289D189EDC}.Release|x64.Build.0 = Release|Any CPU
		{2BFE0997-BB24-490F-A9C9-EE289D189EDC}.Release|x86.ActiveCfg = Release|Any CPU
		{2BFE0997-BB24-490F-A9C9-EE289D189EDC}.Release|x86.Build.0 = Release|Any CPU
		{50307B71-EAD6-4C9D-A285-E2DDE2112D69}.Debug|Any CPU.ActiveCfg = Debug|Any CPU
		{50307B71-EAD6-4C9D-A285-E2DDE2112D69}.Debug|Any CPU.Build.0 = Debug|Any CPU
		{50307B71-EAD6-4C9D-A285-E2DDE2112D69}.Debug|x64.ActiveCfg = Debug|Any CPU
		{50307B71-EAD6-4C9D-A285-E2DDE2112D69}.Debug|x64.Build.0 = Debug|Any CPU
		{50307B71-EAD6-4C9D-A285-E2DDE2112D69}.Debug|x86.ActiveCfg = Debug|Any CPU
		{50307B71-EAD6-4C9D-A285-E2DDE2112D69}.Debug|x86.Build.0 = Debug|Any CPU
		{50307B71-EAD6-4C9D-A285-E2DDE2112D69}.Release|Any CPU.ActiveCfg = Release|Any CPU
		{50307B71-EAD6-4C9D-A285-E2DDE2112D69}.Release|Any CPU.Build.0 = Release|Any CPU
		{50307B71-EAD6-4C9D-A285-E2DDE2112D69}.Release|x64.ActiveCfg = Release|Any CPU
		{50307B71-EAD6-4C9D-A285-E2DDE2112D69}.Release|x64.Build.0 = Release|Any CPU
		{50307B71-EAD6-4C9D-A285-E2DDE2112D69}.Release|x86.ActiveCfg = Release|Any CPU
		{50307B71-EAD6-4C9D-A285-E2DDE2112D69}.Release|x86.Build.0 = Release|Any CPU
		{4C1310BF-AE73-4CD9-B656-195BFB41E4BC}.Debug|Any CPU.ActiveCfg = Debug|Any CPU
		{4C1310BF-AE73-4CD9-B656-195BFB41E4BC}.Debug|Any CPU.Build.0 = Debug|Any CPU
		{4C1310BF-AE73-4CD9-B656-195BFB41E4BC}.Debug|x64.ActiveCfg = Debug|Any CPU
		{4C1310BF-AE73-4CD9-B656-195BFB41E4BC}.Debug|x64.Build.0 = Debug|Any CPU
		{4C1310BF-AE73-4CD9-B656-195BFB41E4BC}.Debug|x86.ActiveCfg = Debug|Any CPU
		{4C1310BF-AE73-4CD9-B656-195BFB41E4BC}.Debug|x86.Build.0 = Debug|Any CPU
		{4C1310BF-AE73-4CD9-B656-195BFB41E4BC}.Release|Any CPU.ActiveCfg = Release|Any CPU
		{4C1310BF-AE73-4CD9-B656-195BFB41E4BC}.Release|Any CPU.Build.0 = Release|Any CPU
		{4C1310BF-AE73-4CD9-B656-195BFB41E4BC}.Release|x64.ActiveCfg = Release|Any CPU
		{4C1310BF-AE73-4CD9-B656-195BFB41E4BC}.Release|x64.Build.0 = Release|Any CPU
		{4C1310BF-AE73-4CD9-B656-195BFB41E4BC}.Release|x86.ActiveCfg = Release|Any CPU
		{4C1310BF-AE73-4CD9-B656-195BFB41E4BC}.Release|x86.Build.0 = Release|Any CPU
		{C71DB943-DB59-4CD1-9388-038956ACF74B}.Debug|Any CPU.ActiveCfg = Debug|Any CPU
		{C71DB943-DB59-4CD1-9388-038956ACF74B}.Debug|Any CPU.Build.0 = Debug|Any CPU
		{C71DB943-DB59-4CD1-9388-038956ACF74B}.Debug|x64.ActiveCfg = Debug|Any CPU
		{C71DB943-DB59-4CD1-9388-038956ACF74B}.Debug|x64.Build.0 = Debug|Any CPU
		{C71DB943-DB59-4CD1-9388-038956ACF74B}.Debug|x86.ActiveCfg = Debug|Any CPU
		{C71DB943-DB59-4CD1-9388-038956ACF74B}.Debug|x86.Build.0 = Debug|Any CPU
		{C71DB943-DB59-4CD1-9388-038956ACF74B}.Release|Any CPU.ActiveCfg = Release|Any CPU
		{C71DB943-DB59-4CD1-9388-038956ACF74B}.Release|Any CPU.Build.0 = Release|Any CPU
		{C71DB943-DB59-4CD1-9388-038956ACF74B}.Release|x64.ActiveCfg = Release|Any CPU
		{C71DB943-DB59-4CD1-9388-038956ACF74B}.Release|x64.Build.0 = Release|Any CPU
		{C71DB943-DB59-4CD1-9388-038956ACF74B}.Release|x86.ActiveCfg = Release|Any CPU
		{C71DB943-DB59-4CD1-9388-038956ACF74B}.Release|x86.Build.0 = Release|Any CPU
		{5C974620-EF20-4D2C-AC0F-9DD5FAC5BED5}.Debug|Any CPU.ActiveCfg = Debug|Any CPU
		{5C974620-EF20-4D2C-AC0F-9DD5FAC5BED5}.Debug|Any CPU.Build.0 = Debug|Any CPU
		{5C974620-EF20-4D2C-AC0F-9DD5FAC5BED5}.Debug|x64.ActiveCfg = Debug|Any CPU
		{5C974620-EF20-4D2C-AC0F-9DD5FAC5BED5}.Debug|x64.Build.0 = Debug|Any CPU
		{5C974620-EF20-4D2C-AC0F-9DD5FAC5BED5}.Debug|x86.ActiveCfg = Debug|Any CPU
		{5C974620-EF20-4D2C-AC0F-9DD5FAC5BED5}.Debug|x86.Build.0 = Debug|Any CPU
		{5C974620-EF20-4D2C-AC0F-9DD5FAC5BED5}.Release|Any CPU.ActiveCfg = Release|Any CPU
		{5C974620-EF20-4D2C-AC0F-9DD5FAC5BED5}.Release|Any CPU.Build.0 = Release|Any CPU
		{5C974620-EF20-4D2C-AC0F-9DD5FAC5BED5}.Release|x64.ActiveCfg = Release|Any CPU
		{5C974620-EF20-4D2C-AC0F-9DD5FAC5BED5}.Release|x64.Build.0 = Release|Any CPU
		{5C974620-EF20-4D2C-AC0F-9DD5FAC5BED5}.Release|x86.ActiveCfg = Release|Any CPU
		{5C974620-EF20-4D2C-AC0F-9DD5FAC5BED5}.Release|x86.Build.0 = Release|Any CPU
	EndGlobalSection
	GlobalSection(SolutionProperties) = preSolution
		HideSolutionNode = FALSE
	EndGlobalSection
	GlobalSection(NestedProjects) = preSolution
		{303AA294-B537-4AF4-9938-BFB91BEF8E41} = {827E0CD3-B72D-47B6-A68D-7590B98EB39B}
		{30A19037-12FC-4D94-BBE8-DBCD798FE2B3} = {827E0CD3-B72D-47B6-A68D-7590B98EB39B}
		{0D505B1A-ADBA-4EE6-BC6F-71E40F780BF7} = {827E0CD3-B72D-47B6-A68D-7590B98EB39B}
		{1A3D694F-A5B2-4C43-A6F6-57FD8329412A} = {827E0CD3-B72D-47B6-A68D-7590B98EB39B}
		{2BFE0997-BB24-490F-A9C9-EE289D189EDC} = {827E0CD3-B72D-47B6-A68D-7590B98EB39B}
		{50307B71-EAD6-4C9D-A285-E2DDE2112D69} = {0AB3BF05-4346-4AA6-1389-037BE0695223}
		{4C1310BF-AE73-4CD9-B656-195BFB41E4BC} = {0AB3BF05-4346-4AA6-1389-037BE0695223}
		{C71DB943-DB59-4CD1-9388-038956ACF74B} = {0AB3BF05-4346-4AA6-1389-037BE0695223}
		{5C974620-EF20-4D2C-AC0F-9DD5FAC5BED5} = {0AB3BF05-4346-4AA6-1389-037BE0695223}
	EndGlobalSection
EndGlobal
